
Microsoft Visual Studio Solution File, Format Version 12.00
# Visual Studio Version 16
VisualStudioVersion = 16.0.30626.31
MinimumVisualStudioVersion = 10.0.40219.1
Project("{9A19103F-16F7-4668-BE54-9A1E7A4F7556}") = "treetop-core", "treetop-core\treetop-core.csproj", "{9794A3C2-75B6-4CA1-A8EB-0D599E8F2046}"
EndProject
Project("{9A19103F-16F7-4668-BE54-9A1E7A4F7556}") = "sandbox", "sandbox\sandbox.csproj", "{3058B637-96FA-4885-B759-EDC5929FEDBB}"
EndProject
Project("{FAE04EC0-301F-11D3-BF4B-00C04F79EFBC}") = "tests", "tests\tests.csproj", "{82783273-1FFF-462A-912D-6338F8791F44}"
	ProjectSection(ProjectDependencies) = postProject
		{9794A3C2-75B6-4CA1-A8EB-0D599E8F2046} = {9794A3C2-75B6-4CA1-A8EB-0D599E8F2046}
	EndProjectSection
EndProject
Project("{FAE04EC0-301F-11D3-BF4B-00C04F79EFBC}") = "treetop-cli", "treetop-cli\treetop-cli.csproj", "{55B56667-3F5F-452E-81C2-3496C33B89A9}"
	ProjectSection(ProjectDependencies) = postProject
		{9794A3C2-75B6-4CA1-A8EB-0D599E8F2046} = {9794A3C2-75B6-4CA1-A8EB-0D599E8F2046}
	EndProjectSection
EndProject
Global
	GlobalSection(SolutionConfigurationPlatforms) = preSolution
		Debug|Any CPU = Debug|Any CPU
		Release|Any CPU = Release|Any CPU
	EndGlobalSection
	GlobalSection(ProjectConfigurationPlatforms) = postSolution
		{9794A3C2-75B6-4CA1-A8EB-0D599E8F2046}.Debug|Any CPU.ActiveCfg = Debug|Any CPU
		{9794A3C2-75B6-4CA1-A8EB-0D599E8F2046}.Debug|Any CPU.Build.0 = Debug|Any CPU
		{9794A3C2-75B6-4CA1-A8EB-0D599E8F2046}.Release|Any CPU.ActiveCfg = Release|Any CPU
		{9794A3C2-75B6-4CA1-A8EB-0D599E8F2046}.Release|Any CPU.Build.0 = Release|Any CPU
		{3058B637-96FA-4885-B759-EDC5929FEDBB}.Debug|Any CPU.ActiveCfg = Debug|Any CPU
		{3058B637-96FA-4885-B759-EDC5929FEDBB}.Debug|Any CPU.Build.0 = Debug|Any CPU
		{3058B637-96FA-4885-B759-EDC5929FEDBB}.Release|Any CPU.ActiveCfg = Release|Any CPU
		{3058B637-96FA-4885-B759-EDC5929FEDBB}.Release|Any CPU.Build.0 = Release|Any CPU
		{82783273-1FFF-462A-912D-6338F8791F44}.Debug|Any CPU.ActiveCfg = Debug|Any CPU
		{82783273-1FFF-462A-912D-6338F8791F44}.Debug|Any CPU.Build.0 = Debug|Any CPU
		{82783273-1FFF-462A-912D-6338F8791F44}.Release|Any CPU.ActiveCfg = Release|Any CPU
		{82783273-1FFF-462A-912D-6338F8791F44}.Release|Any CPU.Build.0 = Release|Any CPU
		{55B56667-3F5F-452E-81C2-3496C33B89A9}.Debug|Any CPU.ActiveCfg = Debug|Any CPU
		{55B56667-3F5F-452E-81C2-3496C33B89A9}.Debug|Any CPU.Build.0 = Debug|Any CPU
		{55B56667-3F5F-452E-81C2-3496C33B89A9}.Release|Any CPU.ActiveCfg = Release|Any CPU
		{55B56667-3F5F-452E-81C2-3496C33B89A9}.Release|Any CPU.Build.0 = Release|Any CPU
	EndGlobalSection
	GlobalSection(SolutionProperties) = preSolution
		HideSolutionNode = FALSE
	EndGlobalSection
	GlobalSection(ExtensibilityGlobals) = postSolution
		SolutionGuid = {38F59DDB-088A-4C1A-93F4-816361EB3036}
	EndGlobalSection
EndGlobal
